
Microsoft Visual Studio Solution File, Format Version 12.00
Project("{FAE04EC0-301F-11D3-BF4B-00C04F79EFBC}") = "Payroll.Domain", "Payroll.Domain\Payroll.Domain.csproj", "{1539FD76-E5BD-4FB5-B88F-4322AB9839D0}"
EndProject
Project("{2150E333-8FDC-42A3-9474-1A3956D46DE8}") = "src", "src", "{54ABFF8F-A0B7-41F6-9CF7-5EDEB406626E}"
EndProject
Global
	GlobalSection(SolutionConfigurationPlatforms) = preSolution
		Debug|Any CPU = Debug|Any CPU
		Release|Any CPU = Release|Any CPU
	EndGlobalSection
	GlobalSection(ProjectConfigurationPlatforms) = postSolution
		{1539FD76-E5BD-4FB5-B88F-4322AB9839D0}.Debug|Any CPU.ActiveCfg = Debug|Any CPU
		{1539FD76-E5BD-4FB5-B88F-4322AB9839D0}.Debug|Any CPU.Build.0 = Debug|Any CPU
		{1539FD76-E5BD-4FB5-B88F-4322AB9839D0}.Release|Any CPU.ActiveCfg = Release|Any CPU
		{1539FD76-E5BD-4FB5-B88F-4322AB9839D0}.Release|Any CPU.Build.0 = Release|Any CPU
	EndGlobalSection
	GlobalSection(NestedProjects) = preSolution
		{1539FD76-E5BD-4FB5-B88F-4322AB9839D0} = {54ABFF8F-A0B7-41F6-9CF7-5EDEB406626E}
	EndGlobalSection
EndGlobal
